<?xml version="1.0" encoding="utf-8"?>
<Project ToolsVersion="4.0" xmlns="http://schemas.microsoft.com/developer/msbuild/2003">
  <ItemGroup>
    <Filter Include="Source Files">
      <UniqueIdentifier>{4FC737F1-C7A5-4376-A066-2A32D752A2FF}</UniqueIdentifier>
      <Extensions>cpp;c;cc;cxx;def;odl;idl;hpj;bat;asm;asmx</Extensions>
    </Filter>
    <Filter Include="Header Files">
      <UniqueIdentifier>{93995380-89BD-4b04-88EB-625FBE52EBFB}</UniqueIdentifier>
      <Extensions>h;hh;hpp;hxx;hm;inl;inc;xsd</Extensions>
    </Filter>
    <Filter Include="Resource Files">
      <UniqueIdentifier>{67DA6AB6-F800-4c08-8B7A-83BB121AAD01}</UniqueIdentifier>
      <Extensions>rc;ico;cur;bmp;dlg;rc2;rct;bin;rgs;gif;jpg;jpeg;jpe;resx;tiff;tif;png;wav;mfcribbon-ms</Extensions>
    </Filter>
    <Filter Include="Libs">
      <UniqueIdentifier>{039fa4e3-009c-4ef4-a187-87e3a0d5ce49}</UniqueIdentifier>
    </Filter>
  </ItemGroup>
  <ItemGroup>
    <Text Include="ReadMe.txt" />
  </ItemGroup>
  <ItemGroup>
    <ClInclude Include="targetver.h">
      <Filter>Header Files</Filter>
    </ClInclude>
    <ClInclude Include="Resource.h">
      <Filter>Header Files</Filter>
    </ClInclude>
    <ClInclude Include="Application.h">
      <Filter>Header Files</Filter>
    </ClInclude>
    <ClInclude Include="cClient.h">
      <Filter>Header Files</Filter>
    </ClInclude>
    <ClInclude Include="cGlobalDefines.h">
      <Filter>Header Files</Filter>
    </ClInclude>
    <ClInclude Include="cLoginServer.h">
      <Filter>Header Files</Filter>
    </ClInclude>
    <ClInclude Include="cMain.h">
      <Filter>Header Files</Filter>
    </ClInclude>
    <ClInclude Include="cSocket.h">
      <Filter>Header Files</Filter>
    </ClInclude>
    <ClInclude Include="ActionID.h">
      <Filter>Header Files</Filter>
    </ClInclude>
    <ClInclude Include="BuildItem.h">
      <Filter>Header Files</Filter>
    </ClInclude>
    <ClInclude Include="CharInfo.h">
      <Filter>Header Files</Filter>
    </ClInclude>
    <ClInclude Include="Cint.h">
      <Filter>Header Files</Filter>
    </ClInclude>
    <ClInclude Include="Curse.h">
      <Filter>Header Files</Filter>
    </ClInclude>
    <ClInclude Include="DDRAW.H">
      <Filter>Header Files</Filter>
    </ClInclude>
    <ClInclude Include="DINPUT.H">
      <Filter>Header Files</Filter>
    </ClInclude>
    <ClInclude Include="DSOUND.H">
      <Filter>Header Files</Filter>
    </ClInclude>
    <ClInclude Include="DXC_ddraw.h">
      <Filter>Header Files</Filter>
    </ClInclude>
    <ClInclude Include="DXC_dinput.h">
      <Filter>Header Files</Filter>
    </ClInclude>
    <ClInclude Include="DXC_dsound.h">
      <Filter>Header Files</Filter>
    </ClInclude>
    <ClInclude Include="DynamicObjectID.h">
      <Filter>Header Files</Filter>
    </ClInclude>
    <ClInclude Include="Effect.h">
      <Filter>Header Files</Filter>
    </ClInclude>
    <ClInclude Include="GameMonitor.h">
      <Filter>Header Files</Filter>
    </ClInclude>
    <ClInclude Include="GlobalDef.h">
      <Filter>Header Files</Filter>
    </ClInclude>
    <ClInclude Include="Item.h">
      <Filter>Header Files</Filter>
    </ClInclude>
    <ClInclude Include="ItemName.h">
      <Filter>Header Files</Filter>
    </ClInclude>
    <ClInclude Include="JPEGLIB.H">
      <Filter>Header Files</Filter>
    </ClInclude>
    <ClInclude Include="LAN_ENG.H">
      <Filter>Header Files</Filter>
    </ClInclude>
    <ClInclude Include="Magic.h">
      <Filter>Header Files</Filter>
    </ClInclude>
    <ClInclude Include="MapData.h">
      <Filter>Header Files</Filter>
    </ClInclude>
    <ClInclude Include="Misc.h">
      <Filter>Header Files</Filter>
    </ClInclude>
    <ClInclude Include="MouseInterface.h">
      <Filter>Header Files</Filter>
    </ClInclude>
    <ClInclude Include="Msg.h">
      <Filter>Header Files</Filter>
    </ClInclude>
    <ClInclude Include="Skill.h">
      <Filter>Header Files</Filter>
    </ClInclude>
    <ClInclude Include="SoundBuffer.h">
      <Filter>Header Files</Filter>
    </ClInclude>
    <ClInclude Include="SoundID.h">
      <Filter>Header Files</Filter>
    </ClInclude>
    <ClInclude Include="Sprite.h">
      <Filter>Header Files</Filter>
    </ClInclude>
    <ClInclude Include="SpriteID.h">
      <Filter>Header Files</Filter>
    </ClInclude>
    <ClInclude Include="StrTok.h">
      <Filter>Header Files</Filter>
    </ClInclude>
    <ClInclude Include="Tile.h">
      <Filter>Header Files</Filter>
    </ClInclude>
    <ClInclude Include="TileSpr.h">
      <Filter>Header Files</Filter>
    </ClInclude>
    <ClInclude Include="YWSound.h">
      <Filter>Header Files</Filter>
    </ClInclude>
    <ClInclude Include="Mydib.h">
      <Filter>Header Files</Filter>
    </ClInclude>
  </ItemGroup>
  <ItemGroup>
    <ResourceCompile Include="Client.rc">
      <Filter>Resource Files</Filter>
    </ResourceCompile>
  </ItemGroup>
  <ItemGroup>
    <Image Include="small.ico">
      <Filter>Resource Files</Filter>
    </Image>
    <Image Include="Client.ico">
      <Filter>Resource Files</Filter>
    </Image>
  </ItemGroup>
  <ItemGroup>
    <ClCompile Include="Application.cpp">
      <Filter>Source Files</Filter>
    </ClCompile>
    <ClCompile Include="cClient.cpp">
      <Filter>Source Files</Filter>
    </ClCompile>
    <ClCompile Include="cLoginServer.cpp">
      <Filter>Source Files</Filter>
    </ClCompile>
    <ClCompile Include="cMain.cpp">
      <Filter>Source Files</Filter>
    </ClCompile>
    <ClCompile Include="cSocket.cpp">
      <Filter>Source Files</Filter>
    </ClCompile>
    <ClCompile Include="BuildItem.cpp">
      <Filter>Source Files</Filter>
    </ClCompile>
    <ClCompile Include="CharInfo.cpp">
      <Filter>Source Files</Filter>
    </ClCompile>
    <ClCompile Include="Curse.cpp">
      <Filter>Source Files</Filter>
    </ClCompile>
    <ClCompile Include="DXC_ddraw.cpp">
      <Filter>Source Files</Filter>
    </ClCompile>
    <ClCompile Include="DXC_dinput.cpp">
      <Filter>Source Files</Filter>
    </ClCompile>
    <ClCompile Include="DXC_dsound.cpp">
      <Filter>Source Files</Filter>
    </ClCompile>
    <ClCompile Include="Effect.cpp">
      <Filter>Source Files</Filter>
    </ClCompile>
    <ClCompile Include="GameMonitor.cpp">
      <Filter>Source Files</Filter>
    </ClCompile>
    <ClCompile Include="Item.cpp">
      <Filter>Source Files</Filter>
    </ClCompile>
    <ClCompile Include="ItemName.cpp">
      <Filter>Source Files</Filter>
    </ClCompile>
    <ClCompile Include="Magic.cpp">
      <Filter>Source Files</Filter>
    </ClCompile>
    <ClCompile Include="MapData.cpp">
      <Filter>Source Files</Filter>
    </ClCompile>
    <ClCompile Include="Misc.cpp">
      <Filter>Source Files</Filter>
    </ClCompile>
    <ClCompile Include="MouseInterface.cpp">
      <Filter>Source Files</Filter>
    </ClCompile>
    <ClCompile Include="Msg.cpp">
      <Filter>Source Files</Filter>
    </ClCompile>
    <ClCompile Include="Mydib.cpp">
      <Filter>Source Files</Filter>
    </ClCompile>
    <ClCompile Include="Skill.cpp">
      <Filter>Source Files</Filter>
    </ClCompile>
    <ClCompile Include="SoundBuffer.cpp">
      <Filter>Source Files</Filter>
    </ClCompile>
    <ClCompile Include="Sprite.cpp">
      <Filter>Source Files</Filter>
    </ClCompile>
    <ClCompile Include="StrTok.cpp">
      <Filter>Source Files</Filter>
    </ClCompile>
    <ClCompile Include="Tile.cpp">
      <Filter>Source Files</Filter>
    </ClCompile>
    <ClCompile Include="TileSpr.cpp">
      <Filter>Source Files</Filter>
    </ClCompile>
    <ClCompile Include="YWSound.cpp">
      <Filter>Source Files</Filter>
    </ClCompile>
  </ItemGroup>
  <ItemGroup>
    <Library Include="Libs\Cint.lib">
      <Filter>Libs</Filter>
    </Library>
    <Library Include="Libs\DDRAW.LIB">
      <Filter>Libs</Filter>
    </Library>
    <Library Include="Libs\DINPUT.LIB">
      <Filter>Libs</Filter>
    </Library>
    <Library Include="Libs\DSOUND.LIB">
      <Filter>Libs</Filter>
    </Library>
    <Library Include="Libs\DXGUID.LIB">
      <Filter>Libs</Filter>
    </Library>
    <Library Include="Libs\IMM32.LIB">
      <Filter>Libs</Filter>
    </Library>
    <Library Include="Libs\SEARCH.LIB">
      <Filter>Libs</Filter>
    </Library>
    <Library Include="Libs\StrTok.lib">
      <Filter>Libs</Filter>
    </Library>
    <Library Include="Libs\WINMM.LIB">
      <Filter>Libs</Filter>
    </Library>
    <Library Include="Libs\WS2_32.LIB">
      <Filter>Libs</Filter>
    </Library>
    <Library Include="Libs\WSOCK32.LIB">
      <Filter>Libs</Filter>
    </Library>
  </ItemGroup>
</Project>