<?xml version="1.0" encoding="utf-8"?>
<Project ToolsVersion="4.0" xmlns="http://schemas.microsoft.com/developer/msbuild/2003">
  <ItemGroup>
    <Filter Include="Resource Files">
      <UniqueIdentifier>{67DA6AB6-F800-4c08-8B7A-83BB121AAD01}</UniqueIdentifier>
      <Extensions>rc;ico;cur;bmp;dlg;rc2;rct;bin;rgs;gif;jpg;jpeg;jpe;resx;tiff;tif;png;wav;mfcribbon-ms</Extensions>
    </Filter>
    <Filter Include="Source Files">
      <UniqueIdentifier>{a409ca26-52d5-4ba9-a550-62c18f4867d7}</UniqueIdentifier>
    </Filter>
    <Filter Include="Header Files">
      <UniqueIdentifier>{c1b9d267-1cfe-4059-9aba-395e48550965}</UniqueIdentifier>
    </Filter>
    <Filter Include="Libs">
      <UniqueIdentifier>{dcb3d2e4-46fb-43f1-9764-bb69575c82ec}</UniqueIdentifier>
    </Filter>
    <Filter Include="Shared">
      <UniqueIdentifier>{bce4a754-d751-4365-a474-f65be1afb708}</UniqueIdentifier>
    </Filter>
  </ItemGroup>
  <ItemGroup>
    <ClCompile Include="Source\BuildItem.cpp">
      <Filter>Source Files</Filter>
    </ClCompile>
    <ClCompile Include="Source\CharInfo.cpp">
      <Filter>Source Files</Filter>
    </ClCompile>
    <ClCompile Include="Source\Curse.cpp">
      <Filter>Source Files</Filter>
    </ClCompile>
    <ClCompile Include="Source\DXC_ddraw.cpp">
      <Filter>Source Files</Filter>
    </ClCompile>
    <ClCompile Include="Source\DXC_dinput.cpp">
      <Filter>Source Files</Filter>
    </ClCompile>
    <ClCompile Include="Source\DXC_dsound.cpp">
      <Filter>Source Files</Filter>
    </ClCompile>
    <ClCompile Include="Source\Effect.cpp">
      <Filter>Source Files</Filter>
    </ClCompile>
    <ClCompile Include="Source\Game.cpp">
      <Filter>Source Files</Filter>
    </ClCompile>
    <ClCompile Include="Source\GameMonitor.cpp">
      <Filter>Source Files</Filter>
    </ClCompile>
    <ClCompile Include="Source\Item.cpp">
      <Filter>Source Files</Filter>
    </ClCompile>
    <ClCompile Include="Source\ItemName.cpp">
      <Filter>Source Files</Filter>
    </ClCompile>
    <ClCompile Include="Source\Magic.cpp">
      <Filter>Source Files</Filter>
    </ClCompile>
    <ClCompile Include="Source\MapData.cpp">
      <Filter>Source Files</Filter>
    </ClCompile>
    <ClCompile Include="Source\Misc.cpp">
      <Filter>Source Files</Filter>
    </ClCompile>
    <ClCompile Include="Source\MouseInterface.cpp">
      <Filter>Source Files</Filter>
    </ClCompile>
    <ClCompile Include="Source\Msg.cpp">
      <Filter>Source Files</Filter>
    </ClCompile>
    <ClCompile Include="Source\Mydib.cpp">
      <Filter>Source Files</Filter>
    </ClCompile>
    <ClCompile Include="Source\Skill.cpp">
      <Filter>Source Files</Filter>
    </ClCompile>
    <ClCompile Include="Source\SoundBuffer.cpp">
      <Filter>Source Files</Filter>
    </ClCompile>
    <ClCompile Include="Source\Sprite.cpp">
      <Filter>Source Files</Filter>
    </ClCompile>
    <ClCompile Include="Source\StrTok.cpp">
      <Filter>Source Files</Filter>
    </ClCompile>
    <ClCompile Include="Source\Tile.cpp">
      <Filter>Source Files</Filter>
    </ClCompile>
    <ClCompile Include="Source\TileSpr.cpp">
      <Filter>Source Files</Filter>
    </ClCompile>
    <ClCompile Include="Source\Wmain.cpp">
      <Filter>Source Files</Filter>
    </ClCompile>
    <ClCompile Include="Source\YWSound.cpp">
      <Filter>Source Files</Filter>
    </ClCompile>
    <ClCompile Include="..\Shared\buffer.cpp">
      <Filter>Shared</Filter>
    </ClCompile>
    <ClCompile Include="Source\Sockets.cpp">
      <Filter>Source Files</Filter>
    </ClCompile>
    <ClCompile Include="cMapServer.cpp" />
    <ClCompile Include="cClient.cpp" />
    <ClCompile Include="cSocket.cpp" />
    <ClCompile Include="cLoginServer.cpp" />
  </ItemGroup>
  <ItemGroup>
    <ClInclude Include="Header\ActionID.h">
      <Filter>Header Files</Filter>
    </ClInclude>
    <ClInclude Include="Header\BuildItem.h">
      <Filter>Header Files</Filter>
    </ClInclude>
    <ClInclude Include="Header\CharInfo.h">
      <Filter>Header Files</Filter>
    </ClInclude>
    <ClInclude Include="Header\Cint.h">
      <Filter>Header Files</Filter>
    </ClInclude>
    <ClInclude Include="Header\CNTREVNT.H">
      <Filter>Header Files</Filter>
    </ClInclude>
    <ClInclude Include="Header\Curse.h">
      <Filter>Header Files</Filter>
    </ClInclude>
    <ClInclude Include="Header\DDRAW.H">
      <Filter>Header Files</Filter>
    </ClInclude>
    <ClInclude Include="Header\DINPUT.H">
      <Filter>Header Files</Filter>
    </ClInclude>
    <ClInclude Include="Header\DSOUND.H">
      <Filter>Header Files</Filter>
    </ClInclude>
    <ClInclude Include="Header\DXC_ddraw.h">
      <Filter>Header Files</Filter>
    </ClInclude>
    <ClInclude Include="Header\DXC_dinput.h">
      <Filter>Header Files</Filter>
    </ClInclude>
    <ClInclude Include="Header\DXC_dsound.h">
      <Filter>Header Files</Filter>
    </ClInclude>
    <ClInclude Include="Header\DynamicObjectID.h">
      <Filter>Header Files</Filter>
    </ClInclude>
    <ClInclude Include="Header\Effect.h">
      <Filter>Header Files</Filter>
    </ClInclude>
    <ClInclude Include="Header\Game.h">
      <Filter>Header Files</Filter>
    </ClInclude>
    <ClInclude Include="Header\GameMonitor.h">
      <Filter>Header Files</Filter>
    </ClInclude>
    <ClInclude Include="Header\GlobalDef.h">
      <Filter>Header Files</Filter>
    </ClInclude>
    <ClInclude Include="Header\GlobalVal.h">
      <Filter>Header Files</Filter>
    </ClInclude>
    <ClInclude Include="Header\Item.h">
      <Filter>Header Files</Filter>
    </ClInclude>
    <ClInclude Include="Header\ItemName.h">
      <Filter>Header Files</Filter>
    </ClInclude>
    <ClInclude Include="Header\JPEGLIB.H">
      <Filter>Header Files</Filter>
    </ClInclude>
    <ClInclude Include="Header\LAN_ENG.H">
      <Filter>Header Files</Filter>
    </ClInclude>
    <ClInclude Include="Header\Magic.h">
      <Filter>Header Files</Filter>
    </ClInclude>
    <ClInclude Include="Header\MapData.h">
      <Filter>Header Files</Filter>
    </ClInclude>
    <ClInclude Include="Header\Misc.h">
      <Filter>Header Files</Filter>
    </ClInclude>
    <ClInclude Include="Header\MouseInterface.h">
      <Filter>Header Files</Filter>
    </ClInclude>
    <ClInclude Include="Header\Msg.h">
      <Filter>Header Files</Filter>
    </ClInclude>
    <ClInclude Include="Header\Mydib.h">
      <Filter>Header Files</Filter>
    </ClInclude>
    <ClInclude Include="Header\Skill.h">
      <Filter>Header Files</Filter>
    </ClInclude>
    <ClInclude Include="Header\SoundBuffer.h">
      <Filter>Header Files</Filter>
    </ClInclude>
    <ClInclude Include="Header\SoundID.h">
      <Filter>Header Files</Filter>
    </ClInclude>
    <ClInclude Include="Header\Sprite.h">
      <Filter>Header Files</Filter>
    </ClInclude>
    <ClInclude Include="Header\SpriteID.h">
      <Filter>Header Files</Filter>
    </ClInclude>
    <ClInclude Include="Header\StrTok.h">
      <Filter>Header Files</Filter>
    </ClInclude>
    <ClInclude Include="Header\Tile.h">
      <Filter>Header Files</Filter>
    </ClInclude>
    <ClInclude Include="Header\TileSpr.h">
      <Filter>Header Files</Filter>
    </ClInclude>
    <ClInclude Include="Header\Winmain.h">
      <Filter>Header Files</Filter>
    </ClInclude>
    <ClInclude Include="Header\YWSound.h">
      <Filter>Header Files</Filter>
    </ClInclude>
    <ClInclude Include="Resource\RESOURCE.H">
      <Filter>Resource Files</Filter>
    </ClInclude>
    <ClInclude Include="Header\old NetMessages.h">
      <Filter>Header Files</Filter>
    </ClInclude>
    <ClInclude Include="..\Shared\buffer.h">
      <Filter>Shared</Filter>
    </ClInclude>
    <ClInclude Include="..\Shared\common.h">
      <Filter>Shared</Filter>
    </ClInclude>
    <ClInclude Include="..\Shared\DntSvcs.h">
      <Filter>Shared</Filter>
    </ClInclude>
    <ClInclude Include="..\Shared\items.h">
      <Filter>Shared</Filter>
    </ClInclude>
    <ClInclude Include="..\Shared\lgnSvcs.h">
      <Filter>Shared</Filter>
    </ClInclude>
    <ClInclude Include="..\Shared\magicID.h">
      <Filter>Shared</Filter>
    </ClInclude>
    <ClInclude Include="..\Shared\maps.h">
      <Filter>Shared</Filter>
    </ClInclude>
    <ClInclude Include="..\Shared\Maths.h">
      <Filter>Shared</Filter>
    </ClInclude>
    <ClInclude Include="..\Shared\NetMessages.h">
      <Filter>Shared</Filter>
    </ClInclude>
    <ClInclude Include="..\Shared\npcType.h">
      <Filter>Shared</Filter>
    </ClInclude>
    <ClInclude Include="..\Shared\Skilltypes.h">
      <Filter>Shared</Filter>
    </ClInclude>
    <ClInclude Include="..\Shared\TypeDefs.h">
      <Filter>Shared</Filter>
    </ClInclude>
    <ClInclude Include="..\Shared\version.h">
      <Filter>Shared</Filter>
    </ClInclude>
    <ClInclude Include="Header\Sockets.h">
      <Filter>Header Files</Filter>
    </ClInclude>
    <ClInclude Include="cMapServer.h" />
    <ClInclude Include="cClient.h" />
    <ClInclude Include="cSocket.h" />
    <ClInclude Include="cLoginServer.h" />
  </ItemGroup>
  <ItemGroup>
    <Image Include="Resource\icon1.ico">
      <Filter>Resource Files</Filter>
    </Image>
  </ItemGroup>
  <ItemGroup>
    <None Include="Resource\resource.aps">
      <Filter>Resource Files</Filter>
    </None>
  </ItemGroup>
  <ItemGroup>
    <ResourceCompile Include="Resource\resource.rc">
      <Filter>Resource Files</Filter>
    </ResourceCompile>
  </ItemGroup>
  <ItemGroup>
    <Library Include="Libs\Cint.lib">
      <Filter>Libs</Filter>
    </Library>
    <Library Include="Libs\DDRAW.LIB">
      <Filter>Libs</Filter>
    </Library>
    <Library Include="Libs\DINPUT.LIB">
      <Filter>Libs</Filter>
    </Library>
    <Library Include="Libs\DSOUND.LIB">
      <Filter>Libs</Filter>
    </Library>
    <Library Include="Libs\DXGUID.LIB">
      <Filter>Libs</Filter>
    </Library>
    <Library Include="Libs\IMM32.LIB">
      <Filter>Libs</Filter>
    </Library>
    <Library Include="Libs\SEARCH.LIB">
      <Filter>Libs</Filter>
    </Library>
    <Library Include="Libs\StrTok.lib">
      <Filter>Libs</Filter>
    </Library>
    <Library Include="Libs\WINMM.LIB">
      <Filter>Libs</Filter>
    </Library>
  </ItemGroup>
</Project>